// !$*UTF8*$!
{
	archiveVersion = 1;
	classes = {
	};
	objectVersion = 46;
	objects = {

/* Begin PBXBuildFile section */
		1781013805CEC79DEF3F7EF4 /* ContentView.swift in Sources */ = {isa = PBXBuildFile; fileRef = 131C4C6536F36BFB544AA848 /* ContentView.swift */; };
		2E02677651AF54A099AEE950 /* Assets.xcassets in Resources */ = {isa = PBXBuildFile; fileRef = D1C425062610A25FFB28A856 /* Assets.xcassets */; };
		2EB106B0948160E2360190DC /* Foundation.framework in Frameworks */ = {isa = PBXBuildFile; fileRef = 363A1790B577DCDDA73F46DC /* Foundation.framework */; };
		3F3C8F9058D191DEC3FAFF08 /* ContentView.swift in Sources */ = {isa = PBXBuildFile; fileRef = B64467497F44BB0CB5A78467 /* ContentView.swift */; };
		47551C170818DADA972DE193 /* WatchConnectivityManager.swift in Sources */ = {isa = PBXBuildFile; fileRef = 9EC73431EC6F41EAA000E975 /* WatchConnectivityManager.swift */; };
		4BFCCC7D366393B916CBBD19 /* PDFWatchViewer Watch App.app in Embed Watch Content */ = {isa = PBXBuildFile; fileRef = FB16825AE9363F09F092FC60 /* PDFWatchViewer Watch App.app */; };
		67F15140F9EB7614768DC26D /* PDFWatchViewerApp.swift in Sources */ = {isa = PBXBuildFile; fileRef = 37946E32327C4B61F47B4F83 /* PDFWatchViewerApp.swift */; };
		6E112E49A55D0FE777E7590E /* PDFDocumentManager.swift in Sources */ = {isa = PBXBuildFile; fileRef = F34FB0506EF3A7DF011E8043 /* PDFDocumentManager.swift */; };
		8CCCBE4642A848E9797ECE22 /* PDFViewerView.swift in Sources */ = {isa = PBXBuildFile; fileRef = 7532C9966F205F98A7F308B4 /* PDFViewerView.swift */; };
		A7C8EE283EA344311D08EC51 /* Assets.xcassets in Resources */ = {isa = PBXBuildFile; fileRef = F0AF8940A103C411E9E83124 /* Assets.xcassets */; };
		D671BA3BF73FA9BE2A6C9CA7 /* WatchConnectivityManager.swift in Sources */ = {isa = PBXBuildFile; fileRef = 87C219715376B343766B9265 /* WatchConnectivityManager.swift */; };
		E7CF5631FFF1F867D5E9AEA5 /* Foundation.framework in Frameworks */ = {isa = PBXBuildFile; fileRef = 6C5E4E949E91080616681577 /* Foundation.framework */; };
		EF2180456A7C0EEE26B5CDE2 /* PDFWatchViewerApp.swift in Sources */ = {isa = PBXBuildFile; fileRef = 26E9168D9E68A7331F9D0823 /* PDFWatchViewerApp.swift */; };
/* End PBXBuildFile section */

/* Begin PBXContainerItemProxy section */
		8140DB2F906F5308073C5059 /* PBXContainerItemProxy */ = {
			isa = PBXContainerItemProxy;
			containerPortal = 9A8BDAEC6D9C8C57A3F4F2C0 /* Project object */;
			proxyType = 1;
			remoteGlobalIDString = 72E17C74C6023BE2E761C55B;
			remoteInfo = "PDFWatchViewer Watch App";
		};
/* End PBXContainerItemProxy section */

/* Begin PBXCopyFilesBuildPhase section */
		0DB7F61A0F5A519D701CDBB3 /* Embed Watch Content */ = {
			isa = PBXCopyFilesBuildPhase;
			buildActionMask = 2147483647;
			dstPath = "";
			dstSubfolderSpec = 16;
			files = (
				4BFCCC7D366393B916CBBD19 /* PDFWatchViewer Watch App.app in Embed Watch Content */,
			);
			name = "Embed Watch Content";
			runOnlyForDeploymentPostprocessing = 0;
		};
/* End PBXCopyFilesBuildPhase section */

/* Begin PBXFileReference section */
		06596C36A5F76D8D16590C01 /* PDFWatchViewer.app */ = {isa = PBXFileReference; explicitFileType = wrapper.application; includeInIndex = 0; path = PDFWatchViewer.app; sourceTree = BUILT_PRODUCTS_DIR; };
		131C4C6536F36BFB544AA848 /* ContentView.swift */ = {isa = PBXFileReference; includeInIndex = 1; lastKnownFileType = sourcecode.swift; path = ContentView.swift; sourceTree = "<group>"; };
		26E9168D9E68A7331F9D0823 /* PDFWatchViewerApp.swift */ = {isa = PBXFileReference; includeInIndex = 1; lastKnownFileType = sourcecode.swift; path = PDFWatchViewerApp.swift; sourceTree = "<group>"; };
		363A1790B577DCDDA73F46DC /* Foundation.framework */ = {isa = PBXFileReference; lastKnownFileType = wrapper.framework; name = Foundation.framework; path = Platforms/WatchOS.platform/Developer/SDKs/WatchOS11.0.sdk/System/Library/Frameworks/Foundation.framework; sourceTree = DEVELOPER_DIR; };
		37946E32327C4B61F47B4F83 /* PDFWatchViewerApp.swift */ = {isa = PBXFileReference; includeInIndex = 1; lastKnownFileType = sourcecode.swift; path = PDFWatchViewerApp.swift; sourceTree = "<group>"; };
		4E08E544E69BA4F8BCAFC159 /* Info.plist */ = {isa = PBXFileReference; includeInIndex = 1; lastKnownFileType = text.plist.xml; path = Info.plist; sourceTree = "<group>"; };
		6C5E4E949E91080616681577 /* Foundation.framework */ = {isa = PBXFileReference; lastKnownFileType = wrapper.framework; name = Foundation.framework; path = Platforms/iPhoneOS.platform/Developer/SDKs/iPhoneOS18.0.sdk/System/Library/Frameworks/Foundation.framework; sourceTree = DEVELOPER_DIR; };
		7532C9966F205F98A7F308B4 /* PDFViewerView.swift */ = {isa = PBXFileReference; includeInIndex = 1; lastKnownFileType = sourcecode.swift; path = PDFViewerView.swift; sourceTree = "<group>"; };
		87C219715376B343766B9265 /* WatchConnectivityManager.swift */ = {isa = PBXFileReference; includeInIndex = 1; lastKnownFileType = sourcecode.swift; path = WatchConnectivityManager.swift; sourceTree = "<group>"; };
		9EC73431EC6F41EAA000E975 /* WatchConnectivityManager.swift */ = {isa = PBXFileReference; includeInIndex = 1; lastKnownFileType = sourcecode.swift; path = WatchConnectivityManager.swift; sourceTree = "<group>"; };
		B64467497F44BB0CB5A78467 /* ContentView.swift */ = {isa = PBXFileReference; includeInIndex = 1; lastKnownFileType = sourcecode.swift; path = ContentView.swift; sourceTree = "<group>"; };
		CB2AB554D9EFF7469CE53242 /* Info.plist */ = {isa = PBXFileReference; includeInIndex = 1; lastKnownFileType = text.plist.xml; path = Info.plist; sourceTree = "<group>"; };
		D1C425062610A25FFB28A856 /* Assets.xcassets */ = {isa = PBXFileReference; includeInIndex = 1; lastKnownFileType = folder.assetcatalog; path = Assets.xcassets; sourceTree = "<group>"; };
		F0AF8940A103C411E9E83124 /* Assets.xcassets */ = {isa = PBXFileReference; includeInIndex = 1; lastKnownFileType = folder.assetcatalog; path = Assets.xcassets; sourceTree = "<group>"; };
		F34FB0506EF3A7DF011E8043 /* PDFDocumentManager.swift */ = {isa = PBXFileReference; includeInIndex = 1; lastKnownFileType = sourcecode.swift; path = PDFDocumentManager.swift; sourceTree = "<group>"; };
		FB16825AE9363F09F092FC60 /* PDFWatchViewer Watch App.app */ = {isa = PBXFileReference; explicitFileType = wrapper.application; includeInIndex = 0; path = "PDFWatchViewer Watch App.app"; sourceTree = BUILT_PRODUCTS_DIR; };
/* End PBXFileReference section */

/* Begin PBXFrameworksBuildPhase section */
		46F450A10A4A03FAF3034C0E /* Frameworks */ = {
			isa = PBXFrameworksBuildPhase;
			buildActionMask = 2147483647;
			files = (
				E7CF5631FFF1F867D5E9AEA5 /* Foundation.framework in Frameworks */,
			);
			runOnlyForDeploymentPostprocessing = 0;
		};
		66C9D67311693C05F9B9C877 /* Frameworks */ = {
			isa = PBXFrameworksBuildPhase;
			buildActionMask = 2147483647;
			files = (
				2EB106B0948160E2360190DC /* Foundation.framework in Frameworks */,
			);
			runOnlyForDeploymentPostprocessing = 0;
		};
/* End PBXFrameworksBuildPhase section */

/* Begin PBXGroup section */
		0C6E09C70817F96FA3603EC8 /* Products */ = {
			isa = PBXGroup;
			children = (
				06596C36A5F76D8D16590C01 /* PDFWatchViewer.app */,
				FB16825AE9363F09F092FC60 /* PDFWatchViewer Watch App.app */,
			);
			name = Products;
			sourceTree = "<group>";
		};
		59CEEBCED5A222ABD531010C /* Frameworks */ = {
			isa = PBXGroup;
			children = (
				5F0FA32C9CEC4383514AAD05 /* iOS */,
				D34EC4B8E714ED1A53529F3C /* watchOS */,
			);
			name = Frameworks;
			sourceTree = "<group>";
		};
		5F0FA32C9CEC4383514AAD05 /* iOS */ = {
			isa = PBXGroup;
			children = (
				6C5E4E949E91080616681577 /* Foundation.framework */,
			);
			name = iOS;
			sourceTree = "<group>";
		};
		8B15103A73403DD7B10ABFBC = {
			isa = PBXGroup;
			children = (
				0C6E09C70817F96FA3603EC8 /* Products */,
				59CEEBCED5A222ABD531010C /* Frameworks */,
				F50CB88D5CF9A27E51819789 /* PDFWatchViewer */,
				9569E0125EC83EA3A6862CBA /* PDFWatchViewer Watch App */,
			);
			sourceTree = "<group>";
		};
		9569E0125EC83EA3A6862CBA /* PDFWatchViewer Watch App */ = {
			isa = PBXGroup;
			children = (
				26E9168D9E68A7331F9D0823 /* PDFWatchViewerApp.swift */,
				B64467497F44BB0CB5A78467 /* ContentView.swift */,
				7532C9966F205F98A7F308B4 /* PDFViewerView.swift */,
				9EC73431EC6F41EAA000E975 /* WatchConnectivityManager.swift */,
				D1C425062610A25FFB28A856 /* Assets.xcassets */,
				CB2AB554D9EFF7469CE53242 /* Info.plist */,
			);
			path = "PDFWatchViewer Watch App";
			sourceTree = "<group>";
		};
		D34EC4B8E714ED1A53529F3C /* watchOS */ = {
			isa = PBXGroup;
			children = (
				363A1790B577DCDDA73F46DC /* Foundation.framework */,
			);
			name = watchOS;
			sourceTree = "<group>";
		};
		F50CB88D5CF9A27E51819789 /* PDFWatchViewer */ = {
			isa = PBXGroup;
			children = (
				37946E32327C4B61F47B4F83 /* PDFWatchViewerApp.swift */,
				131C4C6536F36BFB544AA848 /* ContentView.swift */,
				F34FB0506EF3A7DF011E8043 /* PDFDocumentManager.swift */,
				87C219715376B343766B9265 /* WatchConnectivityManager.swift */,
				F0AF8940A103C411E9E83124 /* Assets.xcassets */,
				4E08E544E69BA4F8BCAFC159 /* Info.plist */,
			);
			path = PDFWatchViewer;
			sourceTree = "<group>";
		};
/* End PBXGroup section */

/* Begin PBXNativeTarget section */
		72E17C74C6023BE2E761C55B /* PDFWatchViewer Watch App */ = {
			isa = PBXNativeTarget;
			buildConfigurationList = 6A1537077353A2E7C4AD379E /* Build configuration list for PBXNativeTarget "PDFWatchViewer Watch App" */;
			buildPhases = (
				C3F6674782C57D60C1C2E227 /* Sources */,
				66C9D67311693C05F9B9C877 /* Frameworks */,
				EA4D7D4324D9F3653F42C8A8 /* Resources */,
			);
			buildRules = (
			);
			dependencies = (
			);
			name = "PDFWatchViewer Watch App";
			productName = "PDFWatchViewer Watch App";
			productReference = FB16825AE9363F09F092FC60 /* PDFWatchViewer Watch App.app */;
			productType = "com.apple.product-type.application";
		};
		B2A5E3D14946F2FFBFED5DA2 /* PDFWatchViewer */ = {
			isa = PBXNativeTarget;
			buildConfigurationList = FA0C40C119628921BBBC9305 /* Build configuration list for PBXNativeTarget "PDFWatchViewer" */;
			buildPhases = (
				AFC2DB4684FC72BCDD3573E2 /* Sources */,
				46F450A10A4A03FAF3034C0E /* Frameworks */,
				08424F788F4152710BD8A618 /* Resources */,
				0DB7F61A0F5A519D701CDBB3 /* Embed Watch Content */,
			);
			buildRules = (
			);
			dependencies = (
				96C4E8375976C1DA01CA2EB3 /* PBXTargetDependency */,
			);
			name = PDFWatchViewer;
			productName = PDFWatchViewer;
			productReference = 06596C36A5F76D8D16590C01 /* PDFWatchViewer.app */;
			productType = "com.apple.product-type.application";
		};
/* End PBXNativeTarget section */

/* Begin PBXProject section */
		9A8BDAEC6D9C8C57A3F4F2C0 /* Project object */ = {
			isa = PBXProject;
			attributes = {
				LastSwiftUpdateCheck = 1600;
				LastUpgradeCheck = 1600;
				TargetAttributes = {
					72E17C74C6023BE2E761C55B = {
						DevelopmentTeam = 8X8A92VKWS;
						ProvisioningStyle = Automatic;
					};
					B2A5E3D14946F2FFBFED5DA2 = {
						DevelopmentTeam = 8X8A92VKWS;
						ProvisioningStyle = Automatic;
					};
				};
			};
			buildConfigurationList = 1F3FD75F5BF1463923720DA2 /* Build configuration list for PBXProject "PDFWatchViewer" */;
			compatibilityVersion = "Xcode 3.2";
			developmentRegion = en;
			hasScannedForEncodings = 0;
			knownRegions = (
				en,
				Base,
			);
			mainGroup = 8B15103A73403DD7B10ABFBC;
			productRefGroup = 0C6E09C70817F96FA3603EC8 /* Products */;
			projectDirPath = "";
			projectRoot = "";
			targets = (
				B2A5E3D14946F2FFBFED5DA2 /* PDFWatchViewer */,
				72E17C74C6023BE2E761C55B /* PDFWatchViewer Watch App */,
			);
		};
/* End PBXProject section */

/* Begin PBXResourcesBuildPhase section */
		08424F788F4152710BD8A618 /* Resources */ = {
			isa = PBXResourcesBuildPhase;
			buildActionMask = 2147483647;
			files = (
				A7C8EE283EA344311D08EC51 /* Assets.xcassets in Resources */,
			);
			runOnlyForDeploymentPostprocessing = 0;
		};
		EA4D7D4324D9F3653F42C8A8 /* Resources */ = {
			isa = PBXResourcesBuildPhase;
			buildActionMask = 2147483647;
			files = (
				2E02677651AF54A099AEE950 /* Assets.xcassets in Resources */,
			);
			runOnlyForDeploymentPostprocessing = 0;
		};
/* End PBXResourcesBuildPhase section */

/* Begin PBXSourcesBuildPhase section */
		AFC2DB4684FC72BCDD3573E2 /* Sources */ = {
			isa = PBXSourcesBuildPhase;
			buildActionMask = 2147483647;
			files = (
				67F15140F9EB7614768DC26D /* PDFWatchViewerApp.swift in Sources */,
				1781013805CEC79DEF3F7EF4 /* ContentView.swift in Sources */,
				6E112E49A55D0FE777E7590E /* PDFDocumentManager.swift in Sources */,
				D671BA3BF73FA9BE2A6C9CA7 /* WatchConnectivityManager.swift in Sources */,
			);
			runOnlyForDeploymentPostprocessing = 0;
		};
		C3F6674782C57D60C1C2E227 /* Sources */ = {
			isa = PBXSourcesBuildPhase;
			buildActionMask = 2147483647;
			files = (
				EF2180456A7C0EEE26B5CDE2 /* PDFWatchViewerApp.swift in Sources */,
				3F3C8F9058D191DEC3FAFF08 /* ContentView.swift in Sources */,
				8CCCBE4642A848E9797ECE22 /* PDFViewerView.swift in Sources */,
				47551C170818DADA972DE193 /* WatchConnectivityManager.swift in Sources */,
			);
			runOnlyForDeploymentPostprocessing = 0;
		};
/* End PBXSourcesBuildPhase section */

/* Begin PBXTargetDependency section */
		96C4E8375976C1DA01CA2EB3 /* PBXTargetDependency */ = {
			isa = PBXTargetDependency;
			name = "PDFWatchViewer Watch App";
			target = 72E17C74C6023BE2E761C55B /* PDFWatchViewer Watch App */;
			targetProxy = 8140DB2F906F5308073C5059 /* PBXContainerItemProxy */;
		};
/* End PBXTargetDependency section */

/* Begin XCBuildConfiguration section */
		0449923CF37B8C75DB36C2CC /* Release */ = {
			isa = XCBuildConfiguration;
			buildSettings = {
				ASSETCATALOG_COMPILER_APPICON_NAME = AppIcon;
				ASSETCATALOG_COMPILER_GLOBAL_ACCENT_COLOR_NAME = AccentColor;
				CLANG_ENABLE_OBJC_WEAK = NO;
				CODE_SIGN_IDENTITY = "Apple Development";
				CODE_SIGN_STYLE = Automatic;
				CURRENT_PROJECT_VERSION = 1;
				DEVELOPMENT_TEAM = 8X8A92VKWS;
				ENABLE_PREVIEWS = YES;
				GENERATE_INFOPLIST_FILE = NO;
				INFOPLIST_FILE = PDFWatchViewer/Info.plist;
				IPHONEOS_DEPLOYMENT_TARGET = 17.0;
				LD_RUNPATH_SEARCH_PATHS = "$(inherited) @executable_path/Frameworks";
				MARKETING_VERSION = 1.0;
				PRODUCT_BUNDLE_IDENTIFIER = com.pdfwatchviewer.ios;
				PRODUCT_NAME = "$(TARGET_NAME)";
				SDKROOT = iphoneos;
				SWIFT_VERSION = 5.0;
				TARGETED_DEVICE_FAMILY = "1,2";
				VALIDATE_PRODUCT = YES;
			};
			name = Release;
		};
		372E8691EB7B4C1FC33B3602 /* Debug */ = {
			isa = XCBuildConfiguration;
			buildSettings = {
				ALWAYS_SEARCH_USER_PATHS = NO;
				CLANG_ANALYZER_NONNULL = YES;
				CLANG_ANALYZER_NUMBER_OBJECT_CONVERSION = YES_AGGRESSIVE;
				CLANG_CXX_LANGUAGE_STANDARD = "gnu++14";
				CLANG_CXX_LIBRARY = "libc++";
				CLANG_ENABLE_MODULES = YES;
				CLANG_ENABLE_OBJC_ARC = YES;
				CLANG_ENABLE_OBJC_WEAK = YES;
				CLANG_WARN_BLOCK_CAPTURE_AUTORELEASING = YES;
				CLANG_WARN_BOOL_CONVERSION = YES;
				CLANG_WARN_COMMA = YES;
				CLANG_WARN_CONSTANT_CONVERSION = YES;
				CLANG_WARN_DEPRECATED_OBJC_IMPLEMENTATIONS = YES;
				CLANG_WARN_DIRECT_OBJC_ISA_USAGE = YES_ERROR;
				CLANG_WARN_DOCUMENTATION_COMMENTS = YES;
				CLANG_WARN_EMPTY_BODY = YES;
				CLANG_WARN_ENUM_CONVERSION = YES;
				CLANG_WARN_INFINITE_RECURSION = YES;
				CLANG_WARN_INT_CONVERSION = YES;
				CLANG_WARN_NON_LITERAL_NULL_CONVERSION = YES;
				CLANG_WARN_OBJC_IMPLICIT_RETAIN_SELF = YES;
				CLANG_WARN_OBJC_LITERAL_CONVERSION = YES;
				CLANG_WARN_OBJC_ROOT_CLASS = YES_ERROR;
				CLANG_WARN_QUOTED_INCLUDE_IN_FRAMEWORK_HEADER = YES;
				CLANG_WARN_RANGE_LOOP_ANALYSIS = YES;
				CLANG_WARN_STRICT_PROTOTYPES = YES;
				CLANG_WARN_SUSPICIOUS_MOVE = YES;
				CLANG_WARN_UNGUARDED_AVAILABILITY = YES_AGGRESSIVE;
				CLANG_WARN_UNREACHABLE_CODE = YES;
				CLANG_WARN__DUPLICATE_METHOD_MATCH = YES;
				COPY_PHASE_STRIP = NO;
				DEBUG_INFORMATION_FORMAT = dwarf;
				ENABLE_STRICT_OBJC_MSGSEND = YES;
				ENABLE_TESTABILITY = YES;
				GCC_C_LANGUAGE_STANDARD = gnu11;
				GCC_DYNAMIC_NO_PIC = NO;
				GCC_NO_COMMON_BLOCKS = YES;
				GCC_OPTIMIZATION_LEVEL = 0;
				GCC_PREPROCESSOR_DEFINITIONS = (
					"DEBUG=1",
					"$(inherited)",
				);
				GCC_WARN_64_TO_32_BIT_CONVERSION = YES;
				GCC_WARN_ABOUT_RETURN_TYPE = YES_ERROR;
				GCC_WARN_UNDECLARED_SELECTOR = YES;
				GCC_WARN_UNINITIALIZED_AUTOS = YES_AGGRESSIVE;
				GCC_WARN_UNUSED_FUNCTION = YES;
				GCC_WARN_UNUSED_VARIABLE = YES;
				MTL_ENABLE_DEBUG_INFO = INCLUDE_SOURCE;
				MTL_FAST_MATH = YES;
				ONLY_ACTIVE_ARCH = YES;
				PRODUCT_NAME = "$(TARGET_NAME)";
				SWIFT_ACTIVE_COMPILATION_CONDITIONS = DEBUG;
				SWIFT_OPTIMIZATION_LEVEL = "-Onone";
				SWIFT_VERSION = 5.0;
			};
			name = Debug;
		};
		602F412DCB7F6E8DA95AF89B /* Release */ = {
			isa = XCBuildConfiguration;
			buildSettings = {
				ASSETCATALOG_COMPILER_APPICON_NAME = AppIcon;
				ASSETCATALOG_COMPILER_GLOBAL_ACCENT_COLOR_NAME = AccentColor;
				CODE_SIGN_IDENTITY = "Apple Development";
				CODE_SIGN_STYLE = Automatic;
				CURRENT_PROJECT_VERSION = 1;
				DEVELOPMENT_TEAM = 8X8A92VKWS;
				ENABLE_PREVIEWS = YES;
				GENERATE_INFOPLIST_FILE = NO;
				INFOPLIST_FILE = "PDFWatchViewer Watch App/Info.plist";
				MARKETING_VERSION = 1.0;
				PRODUCT_BUNDLE_IDENTIFIER = com.pdfwatchviewer.ios.watchkitapp;
				PRODUCT_NAME = "$(TARGET_NAME)";
				SDKROOT = watchos;
				SKIP_INSTALL = YES;
				SWIFT_VERSION = 5.0;
				TARGETED_DEVICE_FAMILY = 4;
				VALIDATE_PRODUCT = YES;
				WATCHOS_DEPLOYMENT_TARGET = 10.0;
			};
			name = Release;
		};
		6BD8512EED4D05935727084A /* Debug */ = {
			isa = XCBuildConfiguration;
			buildSettings = {
				ASSETCATALOG_COMPILER_APPICON_NAME = AppIcon;
				ASSETCATALOG_COMPILER_GLOBAL_ACCENT_COLOR_NAME = AccentColor;
				CLANG_ENABLE_OBJC_WEAK = NO;
				CODE_SIGN_IDENTITY = "Apple Development";
				CODE_SIGN_STYLE = Automatic;
				CURRENT_PROJECT_VERSION = 1;
				DEVELOPMENT_TEAM = 8X8A92VKWS;
				ENABLE_PREVIEWS = YES;
				GENERATE_INFOPLIST_FILE = NO;
				INFOPLIST_FILE = PDFWatchViewer/Info.plist;
				IPHONEOS_DEPLOYMENT_TARGET = 17.0;
				LD_RUNPATH_SEARCH_PATHS = "$(inherited) @executable_path/Frameworks";
				MARKETING_VERSION = 1.0;
				PRODUCT_BUNDLE_IDENTIFIER = com.pdfwatchviewer.ios;
				PRODUCT_NAME = "$(TARGET_NAME)";
				SDKROOT = iphoneos;
				SWIFT_VERSION = 5.0;
				TARGETED_DEVICE_FAMILY = "1,2";
			};
			name = Debug;
		};
		B08DF56ECA6F69165D1CACCE /* Release */ = {
			isa = XCBuildConfiguration;
			buildSettings = {
				ALWAYS_SEARCH_USER_PATHS = NO;
				CLANG_ANALYZER_NONNULL = YES;
				CLANG_ANALYZER_NUMBER_OBJECT_CONVERSION = YES_AGGRESSIVE;
				CLANG_CXX_LANGUAGE_STANDARD = "gnu++14";
				CLANG_CXX_LIBRARY = "libc++";
				CLANG_ENABLE_MODULES = YES;
				CLANG_ENABLE_OBJC_ARC = YES;
				CLANG_ENABLE_OBJC_WEAK = YES;
				CLANG_WARN_BLOCK_CAPTURE_AUTORELEASING = YES;
				CLANG_WARN_BOOL_CONVERSION = YES;
				CLANG_WARN_COMMA = YES;
				CLANG_WARN_CONSTANT_CONVERSION = YES;
				CLANG_WARN_DEPRECATED_OBJC_IMPLEMENTATIONS = YES;
				CLANG_WARN_DIRECT_OBJC_ISA_USAGE = YES_ERROR;
				CLANG_WARN_DOCUMENTATION_COMMENTS = YES;
				CLANG_WARN_EMPTY_BODY = YES;
				CLANG_WARN_ENUM_CONVERSION = YES;
				CLANG_WARN_INFINITE_RECURSION = YES;
				CLANG_WARN_INT_CONVERSION = YES;
				CLANG_WARN_NON_LITERAL_NULL_CONVERSION = YES;
				CLANG_WARN_OBJC_IMPLICIT_RETAIN_SELF = YES;
				CLANG_WARN_OBJC_LITERAL_CONVERSION = YES;
				CLANG_WARN_OBJC_ROOT_CLASS = YES_ERROR;
				CLANG_WARN_QUOTED_INCLUDE_IN_FRAMEWORK_HEADER = YES;
				CLANG_WARN_RANGE_LOOP_ANALYSIS = YES;
				CLANG_WARN_STRICT_PROTOTYPES = YES;
				CLANG_WARN_SUSPICIOUS_MOVE = YES;
				CLANG_WARN_UNGUARDED_AVAILABILITY = YES_AGGRESSIVE;
				CLANG_WARN_UNREACHABLE_CODE = YES;
				CLANG_WARN__DUPLICATE_METHOD_MATCH = YES;
				COPY_PHASE_STRIP = NO;
				DEBUG_INFORMATION_FORMAT = "dwarf-with-dsym";
				ENABLE_NS_ASSERTIONS = NO;
				ENABLE_STRICT_OBJC_MSGSEND = YES;
				GCC_C_LANGUAGE_STANDARD = gnu11;
				GCC_NO_COMMON_BLOCKS = YES;
				GCC_WARN_64_TO_32_BIT_CONVERSION = YES;
				GCC_WARN_ABOUT_RETURN_TYPE = YES_ERROR;
				GCC_WARN_UNDECLARED_SELECTOR = YES;
				GCC_WARN_UNINITIALIZED_AUTOS = YES_AGGRESSIVE;
				GCC_WARN_UNUSED_FUNCTION = YES;
				GCC_WARN_UNUSED_VARIABLE = YES;
				MTL_ENABLE_DEBUG_INFO = NO;
				MTL_FAST_MATH = YES;
				PRODUCT_NAME = "$(TARGET_NAME)";
				SWIFT_OPTIMIZATION_LEVEL = "-Owholemodule";
				SWIFT_VERSION = 5.0;
			};
			name = Release;
		};
		F9E6AF714E406FA38967794E /* Debug */ = {
			isa = XCBuildConfiguration;
			buildSettings = {
				ASSETCATALOG_COMPILER_APPICON_NAME = AppIcon;
				ASSETCATALOG_COMPILER_GLOBAL_ACCENT_COLOR_NAME = AccentColor;
				CODE_SIGN_IDENTITY = "Apple Development";
				CODE_SIGN_STYLE = Automatic;
				CURRENT_PROJECT_VERSION = 1;
				DEVELOPMENT_TEAM = 8X8A92VKWS;
				ENABLE_PREVIEWS = YES;
				GENERATE_INFOPLIST_FILE = NO;
				INFOPLIST_FILE = "PDFWatchViewer Watch App/Info.plist";
				MARKETING_VERSION = 1.0;
				PRODUCT_BUNDLE_IDENTIFIER = com.pdfwatchviewer.ios.watchkitapp;
				PRODUCT_NAME = "$(TARGET_NAME)";
				SDKROOT = watchos;
				SKIP_INSTALL = YES;
				SWIFT_VERSION = 5.0;
				TARGETED_DEVICE_FAMILY = 4;
				WATCHOS_DEPLOYMENT_TARGET = 10.0;
			};
			name = Debug;
		};
/* End XCBuildConfiguration section */

/* Begin XCConfigurationList section */
		1F3FD75F5BF1463923720DA2 /* Build configuration list for PBXProject "PDFWatchViewer" */ = {
			isa = XCConfigurationList;
			buildConfigurations = (
				372E8691EB7B4C1FC33B3602 /* Debug */,
				B08DF56ECA6F69165D1CACCE /* Release */,
			);
			defaultConfigurationIsVisible = 0;
			defaultConfigurationName = Release;
		};
		6A1537077353A2E7C4AD379E /* Build configuration list for PBXNativeTarget "PDFWatchViewer Watch App" */ = {
			isa = XCConfigurationList;
			buildConfigurations = (
				602F412DCB7F6E8DA95AF89B /* Release */,
				F9E6AF714E406FA38967794E /* Debug */,
			);
			defaultConfigurationIsVisible = 0;
			defaultConfigurationName = Release;
		};
		FA0C40C119628921BBBC9305 /* Build configuration list for PBXNativeTarget "PDFWatchViewer" */ = {
			isa = XCConfigurationList;
			buildConfigurations = (
				0449923CF37B8C75DB36C2CC /* Release */,
				6BD8512EED4D05935727084A /* Debug */,
			);
			defaultConfigurationIsVisible = 0;
			defaultConfigurationName = Release;
		};
/* End XCConfigurationList section */
	};
	rootObject = 9A8BDAEC6D9C8C57A3F4F2C0 /* Project object */;
}
